# This file is automatically @generated by Cargo.
# It is not intended for manual editing.
[[package]]
name = "Inflector"
version = "0.11.4"
source = "registry+https://github.com/rust-lang/crates.io-index"
checksum = "fe438c63458706e03479442743baae6c88256498e6431708f6dfc520a26515d3"
dependencies = [
 "lazy_static",
 "regex",
]

[[package]]
name = "aho-corasick"
version = "0.7.10"
source = "registry+https://github.com/rust-lang/crates.io-index"
checksum = "8716408b8bc624ed7f65d223ddb9ac2d044c0547b6fa4b0d554f3a9540496ada"
dependencies = [
 "memchr",
]

[[package]]
name = "anyhow"
version = "1.0.31"
source = "registry+https://github.com/rust-lang/crates.io-index"
checksum = "85bb70cc08ec97ca5450e6eba421deeea5f172c0fc61f78b5357b2a8e8be195f"

[[package]]
name = "autocfg"
version = "1.0.0"
source = "registry+https://github.com/rust-lang/crates.io-index"
checksum = "f8aac770f1885fd7e387acedd76065302551364496e46b3dd00860b2f8359b9d"

[[package]]
name = "cfg-if"
version = "0.1.10"
source = "registry+https://github.com/rust-lang/crates.io-index"
checksum = "4785bdd1c96b2a846b2bd7cc02e86b6b3dbf14e7e53446c4f54c92a361040822"

[[package]]
name = "dh-drone-stm32f4-utils"
version = "0.1.0"
source = "registry+https://github.com/rust-lang/crates.io-index"
checksum = "fd1f75784457ca0dd97c5bd00aa4cac6f08ee80c37690d6025e39e7b2005b7b6"
dependencies = [
 "drone-core",
 "drone-cortexm",
 "drone-stm32-map",
 "futures",
]

[[package]]
name = "drone-config"
version = "0.12.2"
source = "registry+https://github.com/rust-lang/crates.io-index"
checksum = "4e3e239bdee5614772db8c63ffa08ae6cd1a858fe6c861fef98c9c57d671ccdf"
dependencies = [
 "anyhow",
 "serde",
 "toml",
]

[[package]]
name = "drone-core"
version = "0.12.1"
source = "registry+https://github.com/rust-lang/crates.io-index"
checksum = "c9733ab24ece5fbab850744603264cd199467f25fd9b436d158649283a5badd7"
dependencies = [
 "drone-core-macros",
 "drone-ctypes",
 "futures",
]

[[package]]
name = "drone-core-macros"
version = "0.12.1"
source = "registry+https://github.com/rust-lang/crates.io-index"
checksum = "0e1b8818c5aeea950771c01adc10d56687dbcbab0c58a0c60938ff8ff80a2b61"
dependencies = [
 "Inflector",
 "drone-config",
 "drone-macros-core",
 "if_chain",
 "proc-macro2",
 "quote",
 "syn",
]

[[package]]
name = "drone-cortexm"
version = "0.12.1"
source = "registry+https://github.com/rust-lang/crates.io-index"
checksum = "2c6ef9801e60d0445ebb6b62bcb4e59e7b34f0e816b4307e9494e69107065ddf"
dependencies = [
 "drone-core",
 "drone-cortexm-macros",
 "futures",
]

[[package]]
name = "drone-cortexm-macros"
version = "0.12.1"
source = "registry+https://github.com/rust-lang/crates.io-index"
checksum = "c36e1b2315eeca91190ab341bd8cc5d21dbd25a65e3651e960c20e72d5a15e37"
dependencies = [
 "Inflector",
 "drone-config",
 "drone-macros-core",
 "proc-macro2",
 "quote",
 "syn",
]

[[package]]
name = "drone-ctypes"
version = "0.12.1"
source = "registry+https://github.com/rust-lang/crates.io-index"
checksum = "47a4068904c0ac39b62a01185c3cadf8e184f66edb0491d844868fa29e3fbfa5"

[[package]]
name = "drone-macros-core"
version = "0.12.1"
source = "registry+https://github.com/rust-lang/crates.io-index"
checksum = "904c4ce205bf151caabae41da364841594bbd08f851247975c2ce3bf87fac9f6"
dependencies = [
 "lazy_static",
 "proc-macro2",
 "quote",
 "regex",
 "syn",
]

[[package]]
name = "drone-stm32-map"
version = "0.12.1"
source = "registry+https://github.com/rust-lang/crates.io-index"
checksum = "f810034b3b5a89724b3ff7208c578d771fdf7f76c27ef4cb0b15498defb7bfbe"
dependencies = [
 "drone-core",
 "drone-cortexm",
 "drone-stm32-map-periph-adc",
 "drone-stm32-map-periph-dma",
 "drone-stm32-map-periph-exti",
 "drone-stm32-map-periph-gpio",
 "drone-stm32-map-periph-i2c",
 "drone-stm32-map-periph-tim",
 "drone-stm32-map-pieces",
]

[[package]]
name = "drone-stm32-map-periph-adc"
version = "0.12.1"
source = "registry+https://github.com/rust-lang/crates.io-index"
checksum = "488c1e84ac683ba0cb62a2bd3ecd85200536f837cb6cda08bc8319f406f47fbc"
dependencies = [
 "drone-core",
 "drone-cortexm",
 "drone-stm32-map-pieces",
]

[[package]]
name = "drone-stm32-map-periph-dma"
version = "0.12.1"
source = "registry+https://github.com/rust-lang/crates.io-index"
checksum = "5bbec5a0aab919a4c3750bcf2d04acbafa8d89d558e77366e4976ee1b2a8f493"
dependencies = [
 "drone-core",
 "drone-cortexm",
 "drone-stm32-map-pieces",
]

[[package]]
name = "drone-stm32-map-periph-exti"
version = "0.12.1"
source = "registry+https://github.com/rust-lang/crates.io-index"
checksum = "78e481d9aacf9286e7bf2d51c6a9b19c0b84c26fab5839d4e06f2ad2a09d9b89"
dependencies = [
 "drone-core",
 "drone-cortexm",
 "drone-stm32-map-pieces",
]

[[package]]
name = "drone-stm32-map-periph-gpio"
version = "0.12.1"
source = "registry+https://github.com/rust-lang/crates.io-index"
checksum = "2c3f88d8442b3a2044d8f742bc0de062b875aa67213eae58716e51461517c4c7"
dependencies = [
 "drone-core",
 "drone-cortexm",
 "drone-stm32-map-pieces",
]

[[package]]
name = "drone-stm32-map-periph-i2c"
version = "0.12.1"
source = "registry+https://github.com/rust-lang/crates.io-index"
checksum = "4258056e50d0d0d8c71ff49b7be8908c288c56b32f05af7a35a72afabe7f5737"
dependencies = [
 "drone-core",
 "drone-cortexm",
 "drone-stm32-map-pieces",
]

[[package]]
name = "drone-stm32-map-periph-tim"
version = "0.12.1"
source = "registry+https://github.com/rust-lang/crates.io-index"
checksum = "a9ecd5b8a8c9a4dc5316283298b914c621b74778e0ec00bfb322cf59bf6dfba8"
dependencies = [
 "drone-core",
 "drone-cortexm",
 "drone-stm32-map-pieces",
]

[[package]]
name = "drone-stm32-map-pieces"
version = "0.12.1"
source = "registry+https://github.com/rust-lang/crates.io-index"
checksum = "7c890a651fe3c6cb4968a86e37f6a2bd24f21b03b2b8a0459f8a7a74d6792eea"
dependencies = [
 "drone-core",
 "drone-cortexm",
 "drone-stm32-map-pieces-1",
 "drone-stm32-map-pieces-10",
 "drone-stm32-map-pieces-11",
 "drone-stm32-map-pieces-12",
 "drone-stm32-map-pieces-2",
 "drone-stm32-map-pieces-3",
 "drone-stm32-map-pieces-4",
 "drone-stm32-map-pieces-5",
 "drone-stm32-map-pieces-6",
 "drone-stm32-map-pieces-7",
 "drone-stm32-map-pieces-8",
 "drone-stm32-map-pieces-9",
 "drone-stm32-map-svd",
]

[[package]]
name = "drone-stm32-map-pieces-1"
version = "0.12.1"
source = "registry+https://github.com/rust-lang/crates.io-index"
checksum = "4afe2b7574758fb13ef20d05f915c428b972821f3a023e82bd950efbcdcdcbfd"
dependencies = [
 "drone-core",
 "drone-cortexm",
 "drone-stm32-map-svd",
]

[[package]]
name = "drone-stm32-map-pieces-10"
version = "0.12.1"
source = "registry+https://github.com/rust-lang/crates.io-index"
checksum = "58d3916565186d1453cb7548b3e75013968ccf0c6dc5db4dcb9f98849d8ac1a0"
dependencies = [
 "drone-core",
 "drone-cortexm",
 "drone-stm32-map-svd",
]

[[package]]
name = "drone-stm32-map-pieces-11"
version = "0.12.1"
source = "registry+https://github.com/rust-lang/crates.io-index"
checksum = "27cc97543ff15e26e71a65975cc0479c61d70ed6a36f1923c1070c426a74033f"
dependencies = [
 "drone-core",
 "drone-cortexm",
 "drone-stm32-map-svd",
]

[[package]]
name = "drone-stm32-map-pieces-12"
version = "0.12.1"
source = "registry+https://github.com/rust-lang/crates.io-index"
checksum = "e96bb4a66e059c1d486ad8467c81516169ec6df6ed94453641f2615fd4d6479c"
dependencies = [
 "drone-core",
 "drone-cortexm",
 "drone-stm32-map-svd",
]

[[package]]
name = "drone-stm32-map-pieces-2"
version = "0.12.1"
source = "registry+https://github.com/rust-lang/crates.io-index"
checksum = "a28797f7c0118aa9a89d4a2e527b675f4c2bafebd5bc21c0a82ade01606856de"
dependencies = [
 "drone-core",
 "drone-cortexm",
 "drone-stm32-map-svd",
]

[[package]]
name = "drone-stm32-map-pieces-3"
version = "0.12.1"
source = "registry+https://github.com/rust-lang/crates.io-index"
checksum = "325f896c3ad1670a58dfc576c340ca056c3bbee803a6b1f17752e9b7f1a77f3b"
dependencies = [
 "drone-core",
 "drone-cortexm",
 "drone-stm32-map-svd",
]

[[package]]
name = "drone-stm32-map-pieces-4"
version = "0.12.1"
source = "registry+https://github.com/rust-lang/crates.io-index"
checksum = "d8200111f6c29bc53d39fe29f7bd4e942406848ff2ecacd4b6faa876dbf2bd0a"
dependencies = [
 "drone-core",
 "drone-cortexm",
 "drone-stm32-map-svd",
]

[[package]]
name = "drone-stm32-map-pieces-5"
version = "0.12.1"
source = "registry+https://github.com/rust-lang/crates.io-index"
checksum = "07c0d9409a51a497b2eef1a8cd25375bc43b13585209032c3037627ce954fce7"
dependencies = [
 "drone-core",
 "drone-cortexm",
 "drone-stm32-map-svd",
]

[[package]]
name = "drone-stm32-map-pieces-6"
version = "0.12.1"
source = "registry+https://github.com/rust-lang/crates.io-index"
checksum = "c8453353b64d4aa7547bdb52f16479b39b2f7adf375d28820082329625e1c251"
dependencies = [
 "drone-core",
 "drone-cortexm",
 "drone-stm32-map-svd",
]

[[package]]
name = "drone-stm32-map-pieces-7"
version = "0.12.1"
source = "registry+https://github.com/rust-lang/crates.io-index"
checksum = "985986a999cefa131cad595e30925d9d46f1a1d07fccef322dd36ee4bfa16591"
dependencies = [
 "drone-core",
 "drone-cortexm",
 "drone-stm32-map-svd",
]

[[package]]
name = "drone-stm32-map-pieces-8"
version = "0.12.1"
source = "registry+https://github.com/rust-lang/crates.io-index"
checksum = "66ccb75148cc17d26ba8916e6813ef605acb6a7384cf57214f73c9af8026e3d2"
dependencies = [
 "drone-core",
 "drone-cortexm",
 "drone-stm32-map-svd",
]

[[package]]
name = "drone-stm32-map-pieces-9"
version = "0.12.1"
source = "registry+https://github.com/rust-lang/crates.io-index"
checksum = "5f5fa76db3cd0d34b0af5a86cddf9ab96b18f719a39028e77446b0da2e7f2706"
dependencies = [
 "drone-core",
 "drone-cortexm",
 "drone-stm32-map-svd",
]

[[package]]
name = "drone-stm32-map-svd"
version = "0.12.1"
source = "registry+https://github.com/rust-lang/crates.io-index"
checksum = "a6a2fa8d324395a170696e44121402dd309f310637840240837c8e24a900a3e1"
dependencies = [
 "anyhow",
 "drone-svd",
]

[[package]]
name = "drone-svd"
version = "0.12.0"
source = "registry+https://github.com/rust-lang/crates.io-index"
checksum = "0f8bf7225cc98dc0c39e37a91ae9a7ffaf6111b04c0e05b6c8a3e54ae2f9f95c"
dependencies = [
 "anyhow",
 "indexmap",
 "serde",
 "serde-xml-rs",
]

[[package]]
name = "futures"
version = "0.3.5"
source = "registry+https://github.com/rust-lang/crates.io-index"
checksum = "1e05b85ec287aac0dc34db7d4a569323df697f9c55b99b15d6b4ef8cde49f613"
dependencies = [
 "futures-channel",
 "futures-core",
 "futures-io",
 "futures-sink",
 "futures-task",
 "futures-util",
]

[[package]]
name = "futures-channel"
version = "0.3.5"
source = "registry+https://github.com/rust-lang/crates.io-index"
checksum = "f366ad74c28cca6ba456d95e6422883cfb4b252a83bed929c83abfdbbf2967d5"
dependencies = [
 "futures-core",
 "futures-sink",
]

[[package]]
name = "futures-core"
version = "0.3.5"
source = "registry+https://github.com/rust-lang/crates.io-index"
checksum = "59f5fff90fd5d971f936ad674802482ba441b6f09ba5e15fd8b39145582ca399"

[[package]]
name = "futures-io"
version = "0.3.5"
source = "registry+https://github.com/rust-lang/crates.io-index"
checksum = "de27142b013a8e869c14957e6d2edeef89e97c289e69d042ee3a49acd8b51789"

[[package]]
name = "futures-macro"
version = "0.3.5"
source = "registry+https://github.com/rust-lang/crates.io-index"
checksum = "d0b5a30a4328ab5473878237c447333c093297bded83a4983d10f4deea240d39"
dependencies = [
 "proc-macro-hack",
 "proc-macro2",
 "quote",
 "syn",
]

[[package]]
name = "futures-sink"
version = "0.3.5"
source = "registry+https://github.com/rust-lang/crates.io-index"
checksum = "3f2032893cb734c7a05d85ce0cc8b8c4075278e93b24b66f9de99d6eb0fa8acc"

[[package]]
name = "futures-task"
version = "0.3.5"
source = "registry+https://github.com/rust-lang/crates.io-index"
checksum = "bdb66b5f09e22019b1ab0830f7785bcea8e7a42148683f99214f73f8ec21a626"
dependencies = [
 "once_cell",
]

[[package]]
name = "futures-util"
version = "0.3.5"
source = "registry+https://github.com/rust-lang/crates.io-index"
checksum = "8764574ff08b701a084482c3c7031349104b07ac897393010494beaa18ce32c6"
dependencies = [
 "futures-channel",
 "futures-core",
 "futures-io",
 "futures-macro",
 "futures-sink",
 "futures-task",
 "memchr",
 "pin-project",
 "pin-utils",
 "proc-macro-hack",
 "proc-macro-nested",
 "slab",
]

[[package]]
name = "if_chain"
version = "1.0.0"
source = "registry+https://github.com/rust-lang/crates.io-index"
checksum = "c3360c7b59e5ffa2653671fb74b4741a5d343c03f331c0a4aeda42b5c2b0ec7d"

[[package]]
name = "indexmap"
version = "1.3.2"
source = "registry+https://github.com/rust-lang/crates.io-index"
checksum = "076f042c5b7b98f31d205f1249267e12a6518c1481e9dae9764af19b707d2292"
dependencies = [
 "autocfg",
]

[[package]]
name = "lazy_static"
version = "1.4.0"
source = "registry+https://github.com/rust-lang/crates.io-index"
checksum = "e2abad23fbc42b3700f2f279844dc832adb2b2eb069b2df918f455c4e18cc646"

[[package]]
name = "log"
version = "0.4.8"
source = "registry+https://github.com/rust-lang/crates.io-index"
checksum = "14b6052be84e6b71ab17edffc2eeabf5c2c3ae1fdb464aae35ac50c67a44e1f7"
dependencies = [
 "cfg-if",
]

[[package]]
name = "memchr"
version = "2.3.3"
source = "registry+https://github.com/rust-lang/crates.io-index"
checksum = "3728d817d99e5ac407411fa471ff9800a778d88a24685968b36824eaf4bee400"

[[package]]
name = "once_cell"
version = "1.4.0"
source = "registry+https://github.com/rust-lang/crates.io-index"
checksum = "0b631f7e854af39a1739f401cf34a8a013dfe09eac4fa4dba91e9768bd28168d"

[[package]]
name = "pin-project"
version = "0.4.16"
source = "registry+https://github.com/rust-lang/crates.io-index"
checksum = "81d480cb4e89522ccda96d0eed9af94180b7a5f93fb28f66e1fd7d68431663d1"
dependencies = [
 "pin-project-internal",
]

[[package]]
name = "pin-project-internal"
version = "0.4.16"
source = "registry+https://github.com/rust-lang/crates.io-index"
checksum = "a82996f11efccb19b685b14b5df818de31c1edcee3daa256ab5775dd98e72feb"
dependencies = [
 "proc-macro2",
 "quote",
 "syn",
]

[[package]]
name = "pin-utils"
version = "0.1.0"
source = "registry+https://github.com/rust-lang/crates.io-index"
checksum = "8b870d8c151b6f2fb93e84a13146138f05d02ed11c7e7c54f8826aaaf7c9f184"

[[package]]
name = "proc-macro-hack"
version = "0.5.15"
source = "registry+https://github.com/rust-lang/crates.io-index"
checksum = "0d659fe7c6d27f25e9d80a1a094c223f5246f6a6596453e09d7229bf42750b63"

[[package]]
name = "proc-macro-nested"
version = "0.1.4"
source = "registry+https://github.com/rust-lang/crates.io-index"
checksum = "8e946095f9d3ed29ec38de908c22f95d9ac008e424c7bcae54c75a79c527c694"

[[package]]
name = "proc-macro2"
version = "1.0.13"
source = "registry+https://github.com/rust-lang/crates.io-index"
checksum = "53f5ffe53a6b28e37c9c1ce74893477864d64f74778a93a4beb43c8fa167f639"
dependencies = [
 "unicode-xid",
]

[[package]]
name = "quote"
version = "1.0.5"
source = "registry+https://github.com/rust-lang/crates.io-index"
checksum = "42934bc9c8ab0d3b273a16d8551c8f0fcff46be73276ca083ec2414c15c4ba5e"
dependencies = [
 "proc-macro2",
]

[[package]]
name = "regex"
version = "1.3.7"
source = "registry+https://github.com/rust-lang/crates.io-index"
checksum = "a6020f034922e3194c711b82a627453881bc4682166cabb07134a10c26ba7692"
dependencies = [
 "aho-corasick",
 "memchr",
 "regex-syntax",
 "thread_local",
]

[[package]]
name = "regex-syntax"
version = "0.6.17"
source = "registry+https://github.com/rust-lang/crates.io-index"
checksum = "7fe5bd57d1d7414c6b5ed48563a2c855d995ff777729dcd91c369ec7fea395ae"

[[package]]
name = "serde"
version = "1.0.110"
source = "registry+https://github.com/rust-lang/crates.io-index"
checksum = "99e7b308464d16b56eba9964e4972a3eee817760ab60d88c3f86e1fecb08204c"
dependencies = [
 "serde_derive",
]

[[package]]
name = "serde-xml-rs"
version = "0.4.0"
source = "registry+https://github.com/rust-lang/crates.io-index"
checksum = "efe415925cf3d0bbb2fc47d09b56ce03eef51c5d56846468a39bcc293c7a846c"
dependencies = [
 "log",
 "serde",
 "thiserror",
 "xml-rs",
]

[[package]]
name = "serde_derive"
version = "1.0.110"
source = "registry+https://github.com/rust-lang/crates.io-index"
checksum = "818fbf6bfa9a42d3bfcaca148547aa00c7b915bec71d1757aa2d44ca68771984"
dependencies = [
 "proc-macro2",
 "quote",
 "syn",
]

[[package]]
name = "slab"
version = "0.4.2"
source = "registry+https://github.com/rust-lang/crates.io-index"
checksum = "c111b5bd5695e56cffe5129854aa230b39c93a305372fdbb2668ca2394eea9f8"

[[package]]
name = "syn"
version = "1.0.22"
source = "registry+https://github.com/rust-lang/crates.io-index"
checksum = "1425de3c33b0941002740a420b1a906a350b88d08b82b2c8a01035a3f9447bac"
dependencies = [
 "proc-macro2",
 "quote",
 "unicode-xid",
]

[[package]]
name = "thiserror"
version = "1.0.18"
source = "registry+https://github.com/rust-lang/crates.io-index"
checksum = "5976891d6950b4f68477850b5b9e5aa64d955961466f9e174363f573e54e8ca7"
dependencies = [
 "thiserror-impl",
]

[[package]]
name = "thiserror-impl"
version = "1.0.18"
source = "registry+https://github.com/rust-lang/crates.io-index"
checksum = "ab81dbd1cd69cd2ce22ecfbdd3bdb73334ba25350649408cc6c085f46d89573d"
dependencies = [
 "proc-macro2",
 "quote",
 "syn",
]

[[package]]
name = "thread_local"
version = "1.0.1"
source = "registry+https://github.com/rust-lang/crates.io-index"
checksum = "d40c6d1b69745a6ec6fb1ca717914848da4b44ae29d9b3080cbee91d72a69b14"
dependencies = [
 "lazy_static",
]

[[package]]
name = "toml"
version = "0.5.6"
source = "registry+https://github.com/rust-lang/crates.io-index"
checksum = "ffc92d160b1eef40665be3a05630d003936a3bc7da7421277846c2613e92c71a"
dependencies = [
 "serde",
]

[[package]]
name = "unicode-xid"
version = "0.2.0"
source = "registry+https://github.com/rust-lang/crates.io-index"
checksum = "826e7639553986605ec5979c7dd957c7895e93eabed50ab2ffa7f6128a75097c"

[[package]]
name = "weact-blinky"
version = "0.2.0"
dependencies = [
 "dh-drone-stm32f4-utils",
 "drone-core",
 "drone-cortexm",
 "drone-stm32-map",
 "futures",
]

[[package]]
name = "xml-rs"
version = "0.8.3"
source = "registry+https://github.com/rust-lang/crates.io-index"
checksum = "b07db065a5cf61a7e4ba64f29e67db906fb1787316516c4e6e5ff0fea1efcd8a"
